
Microsoft Visual Studio Solution File, Format Version 12.00
# Visual Studio 14
VisualStudioVersion = 14.0.24720.0
MinimumVisualStudioVersion = 10.0.40219.1
Project("{FAE04EC0-301F-11D3-BF4B-00C04F79EFBC}") = "Core.Common", "Core.Common\Core.Common.csproj", "{9D4B4D2E-5B21-4528-A136-7FA24C6DC96D}"
EndProject
Project("{FAE04EC0-301F-11D3-BF4B-00C04F79EFBC}") = "Core.Common.Contracts", "Core.Common.Contracts\Core.Common.Contracts.csproj", "{4319F3D2-5905-46FF-AD18-18314F4CFCCA}"
EndProject
Project("{FAE04EC0-301F-11D3-BF4B-00C04F79EFBC}") = "Pickem.Data", "Pickem.Data\Pickem.Data.csproj", "{239EFFD8-56EC-433F-B990-847D5FF4EA92}"
EndProject
Project("{2150E333-8FDC-42A3-9474-1A3956D46DE8}") = "Core", "Core", "{F8DFA250-1A62-46DC-A8DA-E4F59041867D}"
EndProject
Project("{FAE04EC0-301F-11D3-BF4B-00C04F79EFBC}") = "Core.Logging", "Core.Logging\Core.Logging.csproj", "{44DC49F5-36F2-4E7B-B137-B2211007B1EA}"
EndProject
Project("{FAE04EC0-301F-11D3-BF4B-00C04F79EFBC}") = "Pickem.Data.Contracts", "Pickem.Data.Contracts\Pickem.Data.Contracts.csproj", "{4110150F-381F-4E8D-8C98-F94A051EB951}"
EndProject
Project("{2150E333-8FDC-42A3-9474-1A3956D46DE8}") = "Data", "Data", "{5F3EDC97-2477-43E6-ACC1-6925622DB191}"
EndProject
Project("{2150E333-8FDC-42A3-9474-1A3956D46DE8}") = "Business", "Business", "{DC2F62C7-3CA7-44C6-80E8-D07B3CB48CF7}"
EndProject
Project("{FAE04EC0-301F-11D3-BF4B-00C04F79EFBC}") = "Pickem.Business.Entities", "Pickem.Business.Entities\Pickem.Business.Entities.csproj", "{24182277-3BC1-43BB-BBD2-7E67FAE0F1B7}"
EndProject
Project("{2150E333-8FDC-42A3-9474-1A3956D46DE8}") = "Tests", "Tests", "{83C2A9EA-DC11-4E92-9CB6-EE6DA163D351}"
EndProject
Project("{FAE04EC0-301F-11D3-BF4B-00C04F79EFBC}") = "MongoTests", "MongoTests\MongoTests.csproj", "{1CB9B748-41B0-4BBC-AEC6-53858B361BDB}"
EndProject
Project("{2150E333-8FDC-42A3-9474-1A3956D46DE8}") = "Web", "Web", "{9FCF4402-C24F-46D5-A029-89BF0110A3EF}"
EndProject
Project("{FAE04EC0-301F-11D3-BF4B-00C04F79EFBC}") = "Pickem.Business.Interfaces", "Pickem.Business.Interfaces\Pickem.Business.Interfaces.csproj", "{CC77EB93-67F3-448F-A7BF-8358ECFF11E3}"
EndProject
Global
	GlobalSection(SolutionConfigurationPlatforms) = preSolution
		Debug|Any CPU = Debug|Any CPU
		Release|Any CPU = Release|Any CPU
	EndGlobalSection
	GlobalSection(ProjectConfigurationPlatforms) = postSolution
		{9D4B4D2E-5B21-4528-A136-7FA24C6DC96D}.Debug|Any CPU.ActiveCfg = Debug|Any CPU
		{9D4B4D2E-5B21-4528-A136-7FA24C6DC96D}.Debug|Any CPU.Build.0 = Debug|Any CPU
		{9D4B4D2E-5B21-4528-A136-7FA24C6DC96D}.Release|Any CPU.ActiveCfg = Release|Any CPU
		{9D4B4D2E-5B21-4528-A136-7FA24C6DC96D}.Release|Any CPU.Build.0 = Release|Any CPU
		{4319F3D2-5905-46FF-AD18-18314F4CFCCA}.Debug|Any CPU.ActiveCfg = Debug|Any CPU
		{4319F3D2-5905-46FF-AD18-18314F4CFCCA}.Debug|Any CPU.Build.0 = Debug|Any CPU
		{4319F3D2-5905-46FF-AD18-18314F4CFCCA}.Release|Any CPU.ActiveCfg = Release|Any CPU
		{4319F3D2-5905-46FF-AD18-18314F4CFCCA}.Release|Any CPU.Build.0 = Release|Any CPU
		{239EFFD8-56EC-433F-B990-847D5FF4EA92}.Debug|Any CPU.ActiveCfg = Debug|Any CPU
		{239EFFD8-56EC-433F-B990-847D5FF4EA92}.Debug|Any CPU.Build.0 = Debug|Any CPU
		{239EFFD8-56EC-433F-B990-847D5FF4EA92}.Release|Any CPU.ActiveCfg = Release|Any CPU
		{239EFFD8-56EC-433F-B990-847D5FF4EA92}.Release|Any CPU.Build.0 = Release|Any CPU
		{44DC49F5-36F2-4E7B-B137-B2211007B1EA}.Debug|Any CPU.ActiveCfg = Debug|Any CPU
		{44DC49F5-36F2-4E7B-B137-B2211007B1EA}.Debug|Any CPU.Build.0 = Debug|Any CPU
		{44DC49F5-36F2-4E7B-B137-B2211007B1EA}.Release|Any CPU.ActiveCfg = Release|Any CPU
		{44DC49F5-36F2-4E7B-B137-B2211007B1EA}.Release|Any CPU.Build.0 = Release|Any CPU
		{4110150F-381F-4E8D-8C98-F94A051EB951}.Debug|Any CPU.ActiveCfg = Debug|Any CPU
		{4110150F-381F-4E8D-8C98-F94A051EB951}.Debug|Any CPU.Build.0 = Debug|Any CPU
		{4110150F-381F-4E8D-8C98-F94A051EB951}.Release|Any CPU.ActiveCfg = Release|Any CPU
		{4110150F-381F-4E8D-8C98-F94A051EB951}.Release|Any CPU.Build.0 = Release|Any CPU
		{24182277-3BC1-43BB-BBD2-7E67FAE0F1B7}.Debug|Any CPU.ActiveCfg = Debug|Any CPU
		{24182277-3BC1-43BB-BBD2-7E67FAE0F1B7}.Debug|Any CPU.Build.0 = Debug|Any CPU
		{24182277-3BC1-43BB-BBD2-7E67FAE0F1B7}.Release|Any CPU.ActiveCfg = Release|Any CPU
		{24182277-3BC1-43BB-BBD2-7E67FAE0F1B7}.Release|Any CPU.Build.0 = Release|Any CPU
		{1CB9B748-41B0-4BBC-AEC6-53858B361BDB}.Debug|Any CPU.ActiveCfg = Debug|Any CPU
		{1CB9B748-41B0-4BBC-AEC6-53858B361BDB}.Debug|Any CPU.Build.0 = Debug|Any CPU
		{1CB9B748-41B0-4BBC-AEC6-53858B361BDB}.Release|Any CPU.ActiveCfg = Release|Any CPU
		{1CB9B748-41B0-4BBC-AEC6-53858B361BDB}.Release|Any CPU.Build.0 = Release|Any CPU
		{CC77EB93-67F3-448F-A7BF-8358ECFF11E3}.Debug|Any CPU.ActiveCfg = Debug|Any CPU
		{CC77EB93-67F3-448F-A7BF-8358ECFF11E3}.Debug|Any CPU.Build.0 = Debug|Any CPU
		{CC77EB93-67F3-448F-A7BF-8358ECFF11E3}.Release|Any CPU.ActiveCfg = Release|Any CPU
		{CC77EB93-67F3-448F-A7BF-8358ECFF11E3}.Release|Any CPU.Build.0 = Release|Any CPU
	EndGlobalSection
	GlobalSection(SolutionProperties) = preSolution
		HideSolutionNode = FALSE
	EndGlobalSection
	GlobalSection(NestedProjects) = preSolution
		{9D4B4D2E-5B21-4528-A136-7FA24C6DC96D} = {F8DFA250-1A62-46DC-A8DA-E4F59041867D}
		{4319F3D2-5905-46FF-AD18-18314F4CFCCA} = {F8DFA250-1A62-46DC-A8DA-E4F59041867D}
		{239EFFD8-56EC-433F-B990-847D5FF4EA92} = {5F3EDC97-2477-43E6-ACC1-6925622DB191}
		{44DC49F5-36F2-4E7B-B137-B2211007B1EA} = {F8DFA250-1A62-46DC-A8DA-E4F59041867D}
		{4110150F-381F-4E8D-8C98-F94A051EB951} = {5F3EDC97-2477-43E6-ACC1-6925622DB191}
		{24182277-3BC1-43BB-BBD2-7E67FAE0F1B7} = {DC2F62C7-3CA7-44C6-80E8-D07B3CB48CF7}
		{1CB9B748-41B0-4BBC-AEC6-53858B361BDB} = {83C2A9EA-DC11-4E92-9CB6-EE6DA163D351}
		{CC77EB93-67F3-448F-A7BF-8358ECFF11E3} = {DC2F62C7-3CA7-44C6-80E8-D07B3CB48CF7}
	EndGlobalSection
EndGlobal
